
Microsoft Visual Studio Solution File, Format Version 12.00
# Visual Studio 15
VisualStudioVersion = 15.0.27130.2036
MinimumVisualStudioVersion = 10.0.40219.1
Project("{9A19103F-16F7-4668-BE54-9A1E7A4F7556}") = "AspNetCoreTodo", "AspNetCoreTodo.csproj", "{0651A811-E738-4430-A944-0266ACF03D34}"
EndProject
Global
	GlobalSection(SolutionConfigurationPlatforms) = preSolution
		Debug|Any CPU = Debug|Any CPU
		Release|Any CPU = Release|Any CPU
	EndGlobalSection
	GlobalSection(ProjectConfigurationPlatforms) = postSolution
		{0651A811-E738-4430-A944-0266ACF03D34}.Debug|Any CPU.ActiveCfg = Debug|Any CPU
		{0651A811-E738-4430-A944-0266ACF03D34}.Debug|Any CPU.Build.0 = Debug|Any CPU
		{0651A811-E738-4430-A944-0266ACF03D34}.Release|Any CPU.ActiveCfg = Release|Any CPU
		{0651A811-E738-4430-A944-0266ACF03D34}.Release|Any CPU.Build.0 = Release|Any CPU
	EndGlobalSection
	GlobalSection(SolutionProperties) = preSolution
		HideSolutionNode = FALSE
	EndGlobalSection
	GlobalSection(ExtensibilityGlobals) = postSolution
		SolutionGuid = {E6834BF5-D548-4931-BA18-1339707E9761}
	EndGlobalSection
EndGlobal
